
Microsoft Visual Studio Solution File, Format Version 12.00
# Visual Studio Version 17
VisualStudioVersion = 17.13.35825.156
MinimumVisualStudioVersion = 10.0.40219.1
Project("{FAE04EC0-301F-11D3-BF4B-00C04F79EFBC}") = "GameLibrary", "src\GameLibrary\GameLibrary.csproj", "{46BD33CD-B7BC-2E1C-47DD-BF3EDD3DEDC5}"
EndProject
Project("{FAE04EC0-301F-11D3-BF4B-00C04F79EFBC}") = "GameLibrary.Core", "src\GameLibrary.Core\GameLibrary.Core.csproj", "{3EF4D903-ECDC-1FD6-3827-B7EBD6B5E1B6}"
EndProject
Project("{FAE04EC0-301F-11D3-BF4B-00C04F79EFBC}") = "GameLibrary.Tests.xUnit", "tests\GameLibrary.Tests.xUnit\GameLibrary.Tests.xUnit.csproj", "{641EAA17-7E2B-7AE0-5B18-DAA6CCEDDB15}"
EndProject
Project("{FAE04EC0-301F-11D3-BF4B-00C04F79EFBC}") = "GameLibrary.Core.Tests.xUnit", "tests\GameLibrary.Core.Tests.xUnit\GameLibrary.Core.Tests.xUnit.csproj", "{B023984C-8DF8-3BD9-CBF9-3C7BF2F0BA7F}"
EndProject
Project("{2150E333-8FDC-42A3-9474-1A3956D46DE8}") = "Solution Items", "Solution Items", "{8EC462FD-D22E-90A8-E5CE-7E832BA40C5D}"
	ProjectSection(SolutionItems) = preProject
		.gitattributes = .gitattributes
		.gitignore = .gitignore
		LICENSE.txt = LICENSE.txt
		README.md = README.md
	EndProjectSection
EndProject
Project("{2150E333-8FDC-42A3-9474-1A3956D46DE8}") = "src", "src", "{02EA681E-C7D8-13C7-8484-4AC65E1B71E8}"
EndProject
Project("{2150E333-8FDC-42A3-9474-1A3956D46DE8}") = "tests", "tests", "{915ACC34-3A0A-436E-8406-A8A3D33CD319}"
EndProject
Global
	GlobalSection(SolutionConfigurationPlatforms) = preSolution
		Debug|Any CPU = Debug|Any CPU
		Debug|ARM = Debug|ARM
		Debug|ARM64 = Debug|ARM64
		Debug|x64 = Debug|x64
		Debug|x86 = Debug|x86
		Release|Any CPU = Release|Any CPU
		Release|ARM = Release|ARM
		Release|ARM64 = Release|ARM64
		Release|x64 = Release|x64
		Release|x86 = Release|x86
	EndGlobalSection
	GlobalSection(ProjectConfigurationPlatforms) = postSolution
		{46BD33CD-B7BC-2E1C-47DD-BF3EDD3DEDC5}.Debug|Any CPU.ActiveCfg = Debug|Any CPU
		{46BD33CD-B7BC-2E1C-47DD-BF3EDD3DEDC5}.Debug|Any CPU.Build.0 = Debug|Any CPU
		{46BD33CD-B7BC-2E1C-47DD-BF3EDD3DEDC5}.Debug|ARM.ActiveCfg = Debug|Any CPU
		{46BD33CD-B7BC-2E1C-47DD-BF3EDD3DEDC5}.Debug|ARM.Build.0 = Debug|Any CPU
		{46BD33CD-B7BC-2E1C-47DD-BF3EDD3DEDC5}.Debug|ARM64.ActiveCfg = Debug|Any CPU
		{46BD33CD-B7BC-2E1C-47DD-BF3EDD3DEDC5}.Debug|ARM64.Build.0 = Debug|Any CPU
		{46BD33CD-B7BC-2E1C-47DD-BF3EDD3DEDC5}.Debug|x64.ActiveCfg = Debug|Any CPU
		{46BD33CD-B7BC-2E1C-47DD-BF3EDD3DEDC5}.Debug|x64.Build.0 = Debug|Any CPU
		{46BD33CD-B7BC-2E1C-47DD-BF3EDD3DEDC5}.Debug|x86.ActiveCfg = Debug|Any CPU
		{46BD33CD-B7BC-2E1C-47DD-BF3EDD3DEDC5}.Debug|x86.Build.0 = Debug|Any CPU
		{46BD33CD-B7BC-2E1C-47DD-BF3EDD3DEDC5}.Release|Any CPU.ActiveCfg = Release|Any CPU
		{46BD33CD-B7BC-2E1C-47DD-BF3EDD3DEDC5}.Release|Any CPU.Build.0 = Release|Any CPU
		{46BD33CD-B7BC-2E1C-47DD-BF3EDD3DEDC5}.Release|ARM.ActiveCfg = Release|Any CPU
		{46BD33CD-B7BC-2E1C-47DD-BF3EDD3DEDC5}.Release|ARM.Build.0 = Release|Any CPU
		{46BD33CD-B7BC-2E1C-47DD-BF3EDD3DEDC5}.Release|ARM64.ActiveCfg = Release|Any CPU
		{46BD33CD-B7BC-2E1C-47DD-BF3EDD3DEDC5}.Release|ARM64.Build.0 = Release|Any CPU
		{46BD33CD-B7BC-2E1C-47DD-BF3EDD3DEDC5}.Release|x64.ActiveCfg = Release|Any CPU
		{46BD33CD-B7BC-2E1C-47DD-BF3EDD3DEDC5}.Release|x64.Build.0 = Release|Any CPU
		{46BD33CD-B7BC-2E1C-47DD-BF3EDD3DEDC5}.Release|x86.ActiveCfg = Release|Any CPU
		{46BD33CD-B7BC-2E1C-47DD-BF3EDD3DEDC5}.Release|x86.Build.0 = Release|Any CPU
		{3EF4D903-ECDC-1FD6-3827-B7EBD6B5E1B6}.Debug|Any CPU.ActiveCfg = Debug|Any CPU
		{3EF4D903-ECDC-1FD6-3827-B7EBD6B5E1B6}.Debug|Any CPU.Build.0 = Debug|Any CPU
		{3EF4D903-ECDC-1FD6-3827-B7EBD6B5E1B6}.Debug|ARM.ActiveCfg = Debug|Any CPU
		{3EF4D903-ECDC-1FD6-3827-B7EBD6B5E1B6}.Debug|ARM.Build.0 = Debug|Any CPU
		{3EF4D903-ECDC-1FD6-3827-B7EBD6B5E1B6}.Debug|ARM64.ActiveCfg = Debug|Any CPU
		{3EF4D903-ECDC-1FD6-3827-B7EBD6B5E1B6}.Debug|ARM64.Build.0 = Debug|Any CPU
		{3EF4D903-ECDC-1FD6-3827-B7EBD6B5E1B6}.Debug|x64.ActiveCfg = Debug|Any CPU
		{3EF4D903-ECDC-1FD6-3827-B7EBD6B5E1B6}.Debug|x64.Build.0 = Debug|Any CPU
		{3EF4D903-ECDC-1FD6-3827-B7EBD6B5E1B6}.Debug|x86.ActiveCfg = Debug|Any CPU
		{3EF4D903-ECDC-1FD6-3827-B7EBD6B5E1B6}.Debug|x86.Build.0 = Debug|Any CPU
		{3EF4D903-ECDC-1FD6-3827-B7EBD6B5E1B6}.Release|Any CPU.ActiveCfg = Release|Any CPU
		{3EF4D903-ECDC-1FD6-3827-B7EBD6B5E1B6}.Release|Any CPU.Build.0 = Release|Any CPU
		{3EF4D903-ECDC-1FD6-3827-B7EBD6B5E1B6}.Release|ARM.ActiveCfg = Release|Any CPU
		{3EF4D903-ECDC-1FD6-3827-B7EBD6B5E1B6}.Release|ARM.Build.0 = Release|Any CPU
		{3EF4D903-ECDC-1FD6-3827-B7EBD6B5E1B6}.Release|ARM64.ActiveCfg = Release|Any CPU
		{3EF4D903-ECDC-1FD6-3827-B7EBD6B5E1B6}.Release|ARM64.Build.0 = Release|Any CPU
		{3EF4D903-ECDC-1FD6-3827-B7EBD6B5E1B6}.Release|x64.ActiveCfg = Release|Any CPU
		{3EF4D903-ECDC-1FD6-3827-B7EBD6B5E1B6}.Release|x64.Build.0 = Release|Any CPU
		{3EF4D903-ECDC-1FD6-3827-B7EBD6B5E1B6}.Release|x86.ActiveCfg = Release|Any CPU
		{3EF4D903-ECDC-1FD6-3827-B7EBD6B5E1B6}.Release|x86.Build.0 = Release|Any CPU
		{641EAA17-7E2B-7AE0-5B18-DAA6CCEDDB15}.Debug|Any CPU.ActiveCfg = Debug|Any CPU
		{641EAA17-7E2B-7AE0-5B18-DAA6CCEDDB15}.Debug|Any CPU.Build.0 = Debug|Any CPU
		{641EAA17-7E2B-7AE0-5B18-DAA6CCEDDB15}.Debug|ARM.ActiveCfg = Debug|Any CPU
		{641EAA17-7E2B-7AE0-5B18-DAA6CCEDDB15}.Debug|ARM.Build.0 = Debug|Any CPU
		{641EAA17-7E2B-7AE0-5B18-DAA6CCEDDB15}.Debug|ARM64.ActiveCfg = Debug|Any CPU
		{641EAA17-7E2B-7AE0-5B18-DAA6CCEDDB15}.Debug|ARM64.Build.0 = Debug|Any CPU
		{641EAA17-7E2B-7AE0-5B18-DAA6CCEDDB15}.Debug|x64.ActiveCfg = Debug|x64
		{641EAA17-7E2B-7AE0-5B18-DAA6CCEDDB15}.Debug|x64.Build.0 = Debug|x64
		{641EAA17-7E2B-7AE0-5B18-DAA6CCEDDB15}.Debug|x86.ActiveCfg = Debug|x86
		{641EAA17-7E2B-7AE0-5B18-DAA6CCEDDB15}.Debug|x86.Build.0 = Debug|x86
		{641EAA17-7E2B-7AE0-5B18-DAA6CCEDDB15}.Release|Any CPU.ActiveCfg = Release|Any CPU
		{641EAA17-7E2B-7AE0-5B18-DAA6CCEDDB15}.Release|Any CPU.Build.0 = Release|Any CPU
		{641EAA17-7E2B-7AE0-5B18-DAA6CCEDDB15}.Release|ARM.ActiveCfg = Release|Any CPU
		{641EAA17-7E2B-7AE0-5B18-DAA6CCEDDB15}.Release|ARM.Build.0 = Release|Any CPU
		{641EAA17-7E2B-7AE0-5B18-DAA6CCEDDB15}.Release|ARM64.ActiveCfg = Release|Any CPU
		{641EAA17-7E2B-7AE0-5B18-DAA6CCEDDB15}.Release|ARM64.Build.0 = Release|Any CPU
		{641EAA17-7E2B-7AE0-5B18-DAA6CCEDDB15}.Release|x64.ActiveCfg = Release|x64
		{641EAA17-7E2B-7AE0-5B18-DAA6CCEDDB15}.Release|x64.Build.0 = Release|x64
		{641EAA17-7E2B-7AE0-5B18-DAA6CCEDDB15}.Release|x86.ActiveCfg = Release|x86
		{641EAA17-7E2B-7AE0-5B18-DAA6CCEDDB15}.Release|x86.Build.0 = Release|x86
		{B023984C-8DF8-3BD9-CBF9-3C7BF2F0BA7F}.Debug|Any CPU.ActiveCfg = Debug|Any CPU
		{B023984C-8DF8-3BD9-CBF9-3C7BF2F0BA7F}.Debug|Any CPU.Build.0 = Debug|Any CPU
		{B023984C-8DF8-3BD9-CBF9-3C7BF2F0BA7F}.Debug|ARM.ActiveCfg = Debug|Any CPU
		{B023984C-8DF8-3BD9-CBF9-3C7BF2F0BA7F}.Debug|ARM.Build.0 = Debug|Any CPU
		{B023984C-8DF8-3BD9-CBF9-3C7BF2F0BA7F}.Debug|ARM64.ActiveCfg = Debug|Any CPU
		{B023984C-8DF8-3BD9-CBF9-3C7BF2F0BA7F}.Debug|ARM64.Build.0 = Debug|Any CPU
		{B023984C-8DF8-3BD9-CBF9-3C7BF2F0BA7F}.Debug|x64.ActiveCfg = Debug|x64
		{B023984C-8DF8-3BD9-CBF9-3C7BF2F0BA7F}.Debug|x64.Build.0 = Debug|x64
		{B023984C-8DF8-3BD9-CBF9-3C7BF2F0BA7F}.Debug|x86.ActiveCfg = Debug|x86
		{B023984C-8DF8-3BD9-CBF9-3C7BF2F0BA7F}.Debug|x86.Build.0 = Debug|x86
		{B023984C-8DF8-3BD9-CBF9-3C7BF2F0BA7F}.Release|Any CPU.ActiveCfg = Release|Any CPU
		{B023984C-8DF8-3BD9-CBF9-3C7BF2F0BA7F}.Release|Any CPU.Build.0 = Release|Any CPU
		{B023984C-8DF8-3BD9-CBF9-3C7BF2F0BA7F}.Release|ARM.ActiveCfg = Release|Any CPU
		{B023984C-8DF8-3BD9-CBF9-3C7BF2F0BA7F}.Release|ARM.Build.0 = Release|Any CPU
		{B023984C-8DF8-3BD9-CBF9-3C7BF2F0BA7F}.Release|ARM64.ActiveCfg = Release|Any CPU
		{B023984C-8DF8-3BD9-CBF9-3C7BF2F0BA7F}.Release|ARM64.Build.0 = Release|Any CPU
		{B023984C-8DF8-3BD9-CBF9-3C7BF2F0BA7F}.Release|x64.ActiveCfg = Release|x64
		{B023984C-8DF8-3BD9-CBF9-3C7BF2F0BA7F}.Release|x64.Build.0 = Release|x64
		{B023984C-8DF8-3BD9-CBF9-3C7BF2F0BA7F}.Release|x86.ActiveCfg = Release|x86
		{B023984C-8DF8-3BD9-CBF9-3C7BF2F0BA7F}.Release|x86.Build.0 = Release|x86
		{C240A45F-6E29-4080-9443-207B084E7BF7}.Debug|Any CPU.ActiveCfg = Debug|Any CPU
		{C240A45F-6E29-4080-9443-207B084E7BF7}.Debug|Any CPU.Build.0 = Debug|Any CPU
		{C240A45F-6E29-4080-9443-207B084E7BF7}.Debug|Any CPU.Deploy.0 = Debug|Any CPU
		{C240A45F-6E29-4080-9443-207B084E7BF7}.Debug|ARM.ActiveCfg = Debug|ARM
		{C240A45F-6E29-4080-9443-207B084E7BF7}.Debug|ARM.Build.0 = Debug|ARM
		{C240A45F-6E29-4080-9443-207B084E7BF7}.Debug|ARM.Deploy.0 = Debug|ARM
		{C240A45F-6E29-4080-9443-207B084E7BF7}.Debug|ARM64.ActiveCfg = Debug|ARM64
		{C240A45F-6E29-4080-9443-207B084E7BF7}.Debug|ARM64.Build.0 = Debug|ARM64
		{C240A45F-6E29-4080-9443-207B084E7BF7}.Debug|ARM64.Deploy.0 = Debug|ARM64
		{C240A45F-6E29-4080-9443-207B084E7BF7}.Debug|x64.ActiveCfg = Debug|x64
		{C240A45F-6E29-4080-9443-207B084E7BF7}.Debug|x64.Build.0 = Debug|x64
		{C240A45F-6E29-4080-9443-207B084E7BF7}.Debug|x64.Deploy.0 = Debug|x64
		{C240A45F-6E29-4080-9443-207B084E7BF7}.Debug|x86.ActiveCfg = Debug|x86
		{C240A45F-6E29-4080-9443-207B084E7BF7}.Debug|x86.Build.0 = Debug|x86
		{C240A45F-6E29-4080-9443-207B084E7BF7}.Debug|x86.Deploy.0 = Debug|x86
		{C240A45F-6E29-4080-9443-207B084E7BF7}.Release|Any CPU.ActiveCfg = Release|Any CPU
		{C240A45F-6E29-4080-9443-207B084E7BF7}.Release|Any CPU.Build.0 = Release|Any CPU
		{C240A45F-6E29-4080-9443-207B084E7BF7}.Release|Any CPU.Deploy.0 = Release|Any CPU
		{C240A45F-6E29-4080-9443-207B084E7BF7}.Release|ARM.ActiveCfg = Release|ARM
		{C240A45F-6E29-4080-9443-207B084E7BF7}.Release|ARM.Build.0 = Release|ARM
		{C240A45F-6E29-4080-9443-207B084E7BF7}.Release|ARM.Deploy.0 = Release|ARM
		{C240A45F-6E29-4080-9443-207B084E7BF7}.Release|ARM64.ActiveCfg = Release|ARM64
		{C240A45F-6E29-4080-9443-207B084E7BF7}.Release|ARM64.Build.0 = Release|ARM64
		{C240A45F-6E29-4080-9443-207B084E7BF7}.Release|ARM64.Deploy.0 = Release|ARM64
		{C240A45F-6E29-4080-9443-207B084E7BF7}.Release|x64.ActiveCfg = Release|x64
		{C240A45F-6E29-4080-9443-207B084E7BF7}.Release|x64.Build.0 = Release|x64
		{C240A45F-6E29-4080-9443-207B084E7BF7}.Release|x64.Deploy.0 = Release|x64
		{C240A45F-6E29-4080-9443-207B084E7BF7}.Release|x86.ActiveCfg = Release|x86
		{C240A45F-6E29-4080-9443-207B084E7BF7}.Release|x86.Build.0 = Release|x86
		{C240A45F-6E29-4080-9443-207B084E7BF7}.Release|x86.Deploy.0 = Release|x86
	EndGlobalSection
	GlobalSection(SolutionProperties) = preSolution
		HideSolutionNode = FALSE
	EndGlobalSection
	GlobalSection(NestedProjects) = preSolution
		{46BD33CD-B7BC-2E1C-47DD-BF3EDD3DEDC5} = {02EA681E-C7D8-13C7-8484-4AC65E1B71E8}
		{3EF4D903-ECDC-1FD6-3827-B7EBD6B5E1B6} = {02EA681E-C7D8-13C7-8484-4AC65E1B71E8}
		{641EAA17-7E2B-7AE0-5B18-DAA6CCEDDB15} = {915ACC34-3A0A-436E-8406-A8A3D33CD319}
		{B023984C-8DF8-3BD9-CBF9-3C7BF2F0BA7F} = {915ACC34-3A0A-436E-8406-A8A3D33CD319}
		{C240A45F-6E29-4080-9443-207B084E7BF7} = {02EA681E-C7D8-13C7-8484-4AC65E1B71E8}
	EndGlobalSection
	GlobalSection(ExtensibilityGlobals) = postSolution
		SolutionGuid = {C4941CA3-FB4F-42FF-9A0E-C8533D565992}
	EndGlobalSection
EndGlobal
